
Microsoft Visual Studio Solution File, Format Version 12.00
# Visual Studio Version 16
VisualStudioVersion = 16.0.30523.141
MinimumVisualStudioVersion = 10.0.40219.1
Project("{9A19103F-16F7-4668-BE54-9A1E7A4F7556}") = "CabInvoice", "CabInvoice\CabInvoice.csproj", "{B354A437-3E80-40B8-A8DA-86CD0E83B603}"
EndProject
Project("{FAE04EC0-301F-11D3-BF4B-00C04F79EFBC}") = "NUnitTestProject1", "NUnitTestProject1\NUnitTestProject1.csproj", "{FAA032F1-0896-4CD9-8544-850B4E36CA32}"
EndProject
Global
	GlobalSection(SolutionConfigurationPlatforms) = preSolution
		Debug|Any CPU = Debug|Any CPU
		Release|Any CPU = Release|Any CPU
	EndGlobalSection
	GlobalSection(ProjectConfigurationPlatforms) = postSolution
		{B354A437-3E80-40B8-A8DA-86CD0E83B603}.Debug|Any CPU.ActiveCfg = Debug|Any CPU
		{B354A437-3E80-40B8-A8DA-86CD0E83B603}.Debug|Any CPU.Build.0 = Debug|Any CPU
		{B354A437-3E80-40B8-A8DA-86CD0E83B603}.Release|Any CPU.ActiveCfg = Release|Any CPU
		{B354A437-3E80-40B8-A8DA-86CD0E83B603}.Release|Any CPU.Build.0 = Release|Any CPU
		{FAA032F1-0896-4CD9-8544-850B4E36CA32}.Debug|Any CPU.ActiveCfg = Debug|Any CPU
		{FAA032F1-0896-4CD9-8544-850B4E36CA32}.Debug|Any CPU.Build.0 = Debug|Any CPU
		{FAA032F1-0896-4CD9-8544-850B4E36CA32}.Release|Any CPU.ActiveCfg = Release|Any CPU
		{FAA032F1-0896-4CD9-8544-850B4E36CA32}.Release|Any CPU.Build.0 = Release|Any CPU
	EndGlobalSection
	GlobalSection(SolutionProperties) = preSolution
		HideSolutionNode = FALSE
	EndGlobalSection
	GlobalSection(ExtensibilityGlobals) = postSolution
		SolutionGuid = {B0A835EF-F91B-4E64-AB00-1B2860884DC3}
	EndGlobalSection
EndGlobal
